// !$*UTF8*$!
{
	archiveVersion = 1;
	classes = {
	};
	objectVersion = 50;
	objects = {

/* Begin PBXBuildFile section */
		A113988722999062008B1F84 /* AppDelegate.m in Sources */ = {isa = PBXBuildFile; fileRef = A113988622999062008B1F84 /* AppDelegate.m */; };
		A113988A22999062008B1F84 /* ViewController.m in Sources */ = {isa = PBXBuildFile; fileRef = A113988922999062008B1F84 /* ViewController.m */; };
		A113988D22999062008B1F84 /* Main.storyboard in Resources */ = {isa = PBXBuildFile; fileRef = A113988B22999062008B1F84 /* Main.storyboard */; };
		A113988F22999062008B1F84 /* Assets.xcassets in Resources */ = {isa = PBXBuildFile; fileRef = A113988E22999062008B1F84 /* Assets.xcassets */; };
		A113989222999062008B1F84 /* LaunchScreen.storyboard in Resources */ = {isa = PBXBuildFile; fileRef = A113989022999062008B1F84 /* LaunchScreen.storyboard */; };
		A113989522999062008B1F84 /* main.m in Sources */ = {isa = PBXBuildFile; fileRef = A113989422999062008B1F84 /* main.m */; };
		A113989C2299908E008B1F84 /* CppFile.cpp in Sources */ = {isa = PBXBuildFile; fileRef = A113989B2299908E008B1F84 /* CppFile.cpp */; };
		A11398A32299928B008B1F84 /* OCCFile.mm in Sources */ = {isa = PBXBuildFile; fileRef = A11398A22299928B008B1F84 /* OCCFile.mm */; settings = {COMPILER_FLAGS = "-fno-objc-arc"; }; };
		A11398AF2299B3E4008B1F84 /* OCInterfaceC.m in Sources */ = {isa = PBXBuildFile; fileRef = A11398AE2299B3E4008B1F84 /* OCInterfaceC.m */; };
		A11398B52299B8ED008B1F84 /* InterfaceCC.cpp in Sources */ = {isa = PBXBuildFile; fileRef = A11398B42299B8ED008B1F84 /* InterfaceCC.cpp */; };
		A1C32823229E4B2200646471 /* CppOCFile.mm in Sources */ = {isa = PBXBuildFile; fileRef = A1C32822229E4B2200646471 /* CppOCFile.mm */; };
/* End PBXBuildFile section */

/* Begin PBXFileReference section */
		A113988222999062008B1F84 /* ObjectiveShuffle.app */ = {isa = PBXFileReference; explicitFileType = wrapper.application; includeInIndex = 0; path = ObjectiveShuffle.app; sourceTree = BUILT_PRODUCTS_DIR; };
		A113988522999062008B1F84 /* AppDelegate.h */ = {isa = PBXFileReference; lastKnownFileType = sourcecode.c.h; path = AppDelegate.h; sourceTree = "<group>"; };
		A113988622999062008B1F84 /* AppDelegate.m */ = {isa = PBXFileReference; lastKnownFileType = sourcecode.c.objc; path = AppDelegate.m; sourceTree = "<group>"; };
		A113988822999062008B1F84 /* ViewController.h */ = {isa = PBXFileReference; lastKnownFileType = sourcecode.c.h; path = ViewController.h; sourceTree = "<group>"; };
		A113988922999062008B1F84 /* ViewController.m */ = {isa = PBXFileReference; lastKnownFileType = sourcecode.c.objc; path = ViewController.m; sourceTree = "<group>"; };
		A113988C22999062008B1F84 /* Base */ = {isa = PBXFileReference; lastKnownFileType = file.storyboard; name = Base; path = Base.lproj/Main.storyboard; sourceTree = "<group>"; };
		A113988E22999062008B1F84 /* Assets.xcassets */ = {isa = PBXFileReference; lastKnownFileType = folder.assetcatalog; path = Assets.xcassets; sourceTree = "<group>"; };
		A113989122999062008B1F84 /* Base */ = {isa = PBXFileReference; lastKnownFileType = file.storyboard; name = Base; path = Base.lproj/LaunchScreen.storyboard; sourceTree = "<group>"; };
		A113989322999062008B1F84 /* Info.plist */ = {isa = PBXFileReference; lastKnownFileType = text.plist.xml; path = Info.plist; sourceTree = "<group>"; };
		A113989422999062008B1F84 /* main.m */ = {isa = PBXFileReference; lastKnownFileType = sourcecode.c.objc; path = main.m; sourceTree = "<group>"; };
		A113989B2299908E008B1F84 /* CppFile.cpp */ = {isa = PBXFileReference; lastKnownFileType = sourcecode.cpp.cpp; path = CppFile.cpp; sourceTree = "<group>"; };
		A113989D2299909E008B1F84 /* CppFile.h */ = {isa = PBXFileReference; lastKnownFileType = sourcecode.c.h; path = CppFile.h; sourceTree = "<group>"; };
		A11398A12299928B008B1F84 /* OCCFile.h */ = {isa = PBXFileReference; lastKnownFileType = sourcecode.c.h; path = OCCFile.h; sourceTree = "<group>"; };
		A11398A22299928B008B1F84 /* OCCFile.mm */ = {isa = PBXFileReference; lastKnownFileType = sourcecode.cpp.objcpp; path = OCCFile.mm; sourceTree = "<group>"; };
		A11398A52299993A008B1F84 /* libc++.tbd */ = {isa = PBXFileReference; lastKnownFileType = "sourcecode.text-based-dylib-definition"; name = "libc++.tbd"; path = "usr/lib/libc++.tbd"; sourceTree = SDKROOT; };
		A11398AD2299B3E4008B1F84 /* OCInterfaceC.h */ = {isa = PBXFileReference; lastKnownFileType = sourcecode.c.h; path = OCInterfaceC.h; sourceTree = "<group>"; };
		A11398AE2299B3E4008B1F84 /* OCInterfaceC.m */ = {isa = PBXFileReference; lastKnownFileType = sourcecode.c.objc; path = OCInterfaceC.m; sourceTree = "<group>"; };
		A11398B32299B469008B1F84 /* OCInterfaceCFile.h */ = {isa = PBXFileReference; lastKnownFileType = sourcecode.c.h; path = OCInterfaceCFile.h; sourceTree = "<group>"; };
		A11398B42299B8ED008B1F84 /* InterfaceCC.cpp */ = {isa = PBXFileReference; lastKnownFileType = sourcecode.cpp.cpp; path = InterfaceCC.cpp; sourceTree = "<group>"; };
		A11398B62299B8FB008B1F84 /* InterfaceCC.h */ = {isa = PBXFileReference; lastKnownFileType = sourcecode.c.h; path = InterfaceCC.h; sourceTree = "<group>"; };
		A1C32822229E4B2200646471 /* CppOCFile.mm */ = {isa = PBXFileReference; lastKnownFileType = sourcecode.cpp.objcpp; path = CppOCFile.mm; sourceTree = "<group>"; };
		A1C32824229E4B2B00646471 /* CppOCFile.h */ = {isa = PBXFileReference; lastKnownFileType = sourcecode.c.h; path = CppOCFile.h; sourceTree = "<group>"; };
/* End PBXFileReference section */

/* Begin PBXFrameworksBuildPhase section */
		A113987F22999062008B1F84 /* Frameworks */ = {
			isa = PBXFrameworksBuildPhase;
			buildActionMask = 2147483647;
			files = (
			);
			runOnlyForDeploymentPostprocessing = 0;
		};
/* End PBXFrameworksBuildPhase section */

/* Begin PBXGroup section */
		A113987922999061008B1F84 = {
			isa = PBXGroup;
			children = (
				A113988422999062008B1F84 /* ObjectiveShuffle */,
				A113988322999062008B1F84 /* Products */,
				A11398A42299993A008B1F84 /* Frameworks */,
			);
			sourceTree = "<group>";
		};
		A113988322999062008B1F84 /* Products */ = {
			isa = PBXGroup;
			children = (
				A113988222999062008B1F84 /* ObjectiveShuffle.app */,
			);
			name = Products;
			sourceTree = "<group>";
		};
		A113988422999062008B1F84 /* ObjectiveShuffle */ = {
			isa = PBXGroup;
			children = (
				A113988522999062008B1F84 /* AppDelegate.h */,
				A113988622999062008B1F84 /* AppDelegate.m */,
				A113988822999062008B1F84 /* ViewController.h */,
				A113988922999062008B1F84 /* ViewController.m */,
				A11398A12299928B008B1F84 /* OCCFile.h */,
				A11398A22299928B008B1F84 /* OCCFile.mm */,
				A113989B2299908E008B1F84 /* CppFile.cpp */,
				A113989D2299909E008B1F84 /* CppFile.h */,
				A1C32822229E4B2200646471 /* CppOCFile.mm */,
				A1C32824229E4B2B00646471 /* CppOCFile.h */,
				A11398B32299B469008B1F84 /* OCInterfaceCFile.h */,
				A11398AD2299B3E4008B1F84 /* OCInterfaceC.h */,
				A11398AE2299B3E4008B1F84 /* OCInterfaceC.m */,
				A11398B42299B8ED008B1F84 /* InterfaceCC.cpp */,
				A11398B62299B8FB008B1F84 /* InterfaceCC.h */,
				A113988B22999062008B1F84 /* Main.storyboard */,
				A113988E22999062008B1F84 /* Assets.xcassets */,
				A113989022999062008B1F84 /* LaunchScreen.storyboard */,
				A113989322999062008B1F84 /* Info.plist */,
				A113989422999062008B1F84 /* main.m */,
			);
			path = ObjectiveShuffle;
			sourceTree = "<group>";
		};
		A11398A42299993A008B1F84 /* Frameworks */ = {
			isa = PBXGroup;
			children = (
				A11398A52299993A008B1F84 /* libc++.tbd */,
			);
			name = Frameworks;
			sourceTree = "<group>";
		};
/* End PBXGroup section */

/* Begin PBXNativeTarget section */
		A113988122999062008B1F84 /* ObjectiveShuffle */ = {
			isa = PBXNativeTarget;
			buildConfigurationList = A113989822999062008B1F84 /* Build configuration list for PBXNativeTarget "ObjectiveShuffle" */;
			buildPhases = (
				A113987E22999062008B1F84 /* Sources */,
				A113987F22999062008B1F84 /* Frameworks */,
				A113988022999062008B1F84 /* Resources */,
			);
			buildRules = (
			);
			dependencies = (
			);
			name = ObjectiveShuffle;
			productName = ObjectiveShuffle;
			productReference = A113988222999062008B1F84 /* ObjectiveShuffle.app */;
			productType = "com.apple.product-type.application";
		};
/* End PBXNativeTarget section */

/* Begin PBXProject section */
		A113987A22999061008B1F84 /* Project object */ = {
			isa = PBXProject;
			attributes = {
				LastUpgradeCheck = 1000;
				ORGANIZATIONNAME = yy;
				TargetAttributes = {
					A113988122999062008B1F84 = {
						CreatedOnToolsVersion = 10.0;
					};
				};
			};
			buildConfigurationList = A113987D22999061008B1F84 /* Build configuration list for PBXProject "ObjectiveShuffle" */;
			compatibilityVersion = "Xcode 9.3";
			developmentRegion = en;
			hasScannedForEncodings = 0;
			knownRegions = (
				en,
				Base,
			);
			mainGroup = A113987922999061008B1F84;
			productRefGroup = A113988322999062008B1F84 /* Products */;
			projectDirPath = "";
			projectRoot = "";
			targets = (
				A113988122999062008B1F84 /* ObjectiveShuffle */,
			);
		};
/* End PBXProject section */

/* Begin PBXResourcesBuildPhase section */
		A113988022999062008B1F84 /* Resources */ = {
			isa = PBXResourcesBuildPhase;
			buildActionMask = 2147483647;
			files = (
				A113989222999062008B1F84 /* LaunchScreen.storyboard in Resources */,
				A113988F22999062008B1F84 /* Assets.xcassets in Resources */,
				A113988D22999062008B1F84 /* Main.storyboard in Resources */,
			);
			runOnlyForDeploymentPostprocessing = 0;
		};
/* End PBXResourcesBuildPhase section */

/* Begin PBXSourcesBuildPhase section */
		A113987E22999062008B1F84 /* Sources */ = {
			isa = PBXSourcesBuildPhase;
			buildActionMask = 2147483647;
			files = (
				A11398A32299928B008B1F84 /* OCCFile.mm in Sources */,
				A11398B52299B8ED008B1F84 /* InterfaceCC.cpp in Sources */,
				A113988A22999062008B1F84 /* ViewController.m in Sources */,
				A1C32823229E4B2200646471 /* CppOCFile.mm in Sources */,
				A113989522999062008B1F84 /* main.m in Sources */,
				A113988722999062008B1F84 /* AppDelegate.m in Sources */,
				A113989C2299908E008B1F84 /* CppFile.cpp in Sources */,
				A11398AF2299B3E4008B1F84 /* OCInterfaceC.m in Sources */,
			);
			runOnlyForDeploymentPostprocessing = 0;
		};
/* End PBXSourcesBuildPhase section */

/* Begin PBXVariantGroup section */
		A113988B22999062008B1F84 /* Main.storyboard */ = {
			isa = PBXVariantGroup;
			children = (
				A113988C22999062008B1F84 /* Base */,
			);
			name = Main.storyboard;
			sourceTree = "<group>";
		};
		A113989022999062008B1F84 /* LaunchScreen.storyboard */ = {
			isa = PBXVariantGroup;
			children = (
				A113989122999062008B1F84 /* Base */,
			);
			name = LaunchScreen.storyboard;
			sourceTree = "<group>";
		};
/* End PBXVariantGroup section */

/* Begin XCBuildConfiguration section */
		A113989622999062008B1F84 /* Debug */ = {
			isa = XCBuildConfiguration;
			buildSettings = {
				ALWAYS_SEARCH_USER_PATHS = NO;
				CLANG_ANALYZER_NONNULL = YES;
				CLANG_ANALYZER_NUMBER_OBJECT_CONVERSION = YES_AGGRESSIVE;
				CLANG_CXX_LANGUAGE_STANDARD = "gnu++14";
				CLANG_CXX_LIBRARY = "libc++";
				CLANG_ENABLE_MODULES = YES;
				CLANG_ENABLE_OBJC_ARC = YES;
				CLANG_ENABLE_OBJC_WEAK = YES;
				CLANG_WARN_BLOCK_CAPTURE_AUTORELEASING = YES;
				CLANG_WARN_BOOL_CONVERSION = YES;
				CLANG_WARN_COMMA = YES;
				CLANG_WARN_CONSTANT_CONVERSION = YES;
				CLANG_WARN_DEPRECATED_OBJC_IMPLEMENTATIONS = YES;
				CLANG_WARN_DIRECT_OBJC_ISA_USAGE = YES_ERROR;
				CLANG_WARN_DOCUMENTATION_COMMENTS = YES;
				CLANG_WARN_EMPTY_BODY = YES;
				CLANG_WARN_ENUM_CONVERSION = YES;
				CLANG_WARN_INFINITE_RECURSION = YES;
				CLANG_WARN_INT_CONVERSION = YES;
				CLANG_WARN_NON_LITERAL_NULL_CONVERSION = YES;
				CLANG_WARN_OBJC_IMPLICIT_RETAIN_SELF = YES;
				CLANG_WARN_OBJC_LITERAL_CONVERSION = YES;
				CLANG_WARN_OBJC_ROOT_CLASS = YES_ERROR;
				CLANG_WARN_RANGE_LOOP_ANALYSIS = YES;
				CLANG_WARN_STRICT_PROTOTYPES = YES;
				CLANG_WARN_SUSPICIOUS_MOVE = YES;
				CLANG_WARN_UNGUARDED_AVAILABILITY = YES_AGGRESSIVE;
				CLANG_WARN_UNREACHABLE_CODE = YES;
				CLANG_WARN__DUPLICATE_METHOD_MATCH = YES;
				CODE_SIGN_IDENTITY = "iPhone Developer";
				COPY_PHASE_STRIP = NO;
				DEBUG_INFORMATION_FORMAT = dwarf;
				ENABLE_STRICT_OBJC_MSGSEND = YES;
				ENABLE_TESTABILITY = YES;
				GCC_C_LANGUAGE_STANDARD = gnu11;
				GCC_DYNAMIC_NO_PIC = NO;
				GCC_NO_COMMON_BLOCKS = YES;
				GCC_OPTIMIZATION_LEVEL = 0;
				GCC_PREPROCESSOR_DEFINITIONS = (
					"DEBUG=1",
					"$(inherited)",
				);
				GCC_WARN_64_TO_32_BIT_CONVERSION = YES;
				GCC_WARN_ABOUT_RETURN_TYPE = YES_ERROR;
				GCC_WARN_UNDECLARED_SELECTOR = YES;
				GCC_WARN_UNINITIALIZED_AUTOS = YES_AGGRESSIVE;
				GCC_WARN_UNUSED_FUNCTION = YES;
				GCC_WARN_UNUSED_VARIABLE = YES;
				IPHONEOS_DEPLOYMENT_TARGET = 12.0;
				MTL_ENABLE_DEBUG_INFO = INCLUDE_SOURCE;
				MTL_FAST_MATH = YES;
				ONLY_ACTIVE_ARCH = YES;
				SDKROOT = iphoneos;
			};
			name = Debug;
		};
		A113989722999062008B1F84 /* Release */ = {
			isa = XCBuildConfiguration;
			buildSettings = {
				ALWAYS_SEARCH_USER_PATHS = NO;
				CLANG_ANALYZER_NONNULL = YES;
				CLANG_ANALYZER_NUMBER_OBJECT_CONVERSION = YES_AGGRESSIVE;
				CLANG_CXX_LANGUAGE_STANDARD = "gnu++14";
				CLANG_CXX_LIBRARY = "libc++";
				CLANG_ENABLE_MODULES = YES;
				CLANG_ENABLE_OBJC_ARC = YES;
				CLANG_ENABLE_OBJC_WEAK = YES;
				CLANG_WARN_BLOCK_CAPTURE_AUTORELEASING = YES;
				CLANG_WARN_BOOL_CONVERSION = YES;
				CLANG_WARN_COMMA = YES;
				CLANG_WARN_CONSTANT_CONVERSION = YES;
				CLANG_WARN_DEPRECATED_OBJC_IMPLEMENTATIONS = YES;
				CLANG_WARN_DIRECT_OBJC_ISA_USAGE = YES_ERROR;
				CLANG_WARN_DOCUMENTATION_COMMENTS = YES;
				CLANG_WARN_EMPTY_BODY = YES;
				CLANG_WARN_ENUM_CONVERSION = YES;
				CLANG_WARN_INFINITE_RECURSION = YES;
				CLANG_WARN_INT_CONVERSION = YES;
				CLANG_WARN_NON_LITERAL_NULL_CONVERSION = YES;
				CLANG_WARN_OBJC_IMPLICIT_RETAIN_SELF = YES;
				CLANG_WARN_OBJC_LITERAL_CONVERSION = YES;
				CLANG_WARN_OBJC_ROOT_CLASS = YES_ERROR;
				CLANG_WARN_RANGE_LOOP_ANALYSIS = YES;
				CLANG_WARN_STRICT_PROTOTYPES = YES;
				CLANG_WARN_SUSPICIOUS_MOVE = YES;
				CLANG_WARN_UNGUARDED_AVAILABILITY = YES_AGGRESSIVE;
				CLANG_WARN_UNREACHABLE_CODE = YES;
				CLANG_WARN__DUPLICATE_METHOD_MATCH = YES;
				CODE_SIGN_IDENTITY = "iPhone Developer";
				COPY_PHASE_STRIP = NO;
				DEBUG_INFORMATION_FORMAT = "dwarf-with-dsym";
				ENABLE_NS_ASSERTIONS = NO;
				ENABLE_STRICT_OBJC_MSGSEND = YES;
				GCC_C_LANGUAGE_STANDARD = gnu11;
				GCC_NO_COMMON_BLOCKS = YES;
				GCC_WARN_64_TO_32_BIT_CONVERSION = YES;
				GCC_WARN_ABOUT_RETURN_TYPE = YES_ERROR;
				GCC_WARN_UNDECLARED_SELECTOR = YES;
				GCC_WARN_UNINITIALIZED_AUTOS = YES_AGGRESSIVE;
				GCC_WARN_UNUSED_FUNCTION = YES;
				GCC_WARN_UNUSED_VARIABLE = YES;
				IPHONEOS_DEPLOYMENT_TARGET = 12.0;
				MTL_ENABLE_DEBUG_INFO = NO;
				MTL_FAST_MATH = YES;
				SDKROOT = iphoneos;
				VALIDATE_PRODUCT = YES;
			};
			name = Release;
		};
		A113989922999062008B1F84 /* Debug */ = {
			isa = XCBuildConfiguration;
			buildSettings = {
				ASSETCATALOG_COMPILER_APPICON_NAME = AppIcon;
				CODE_SIGN_STYLE = Automatic;
				DEVELOPMENT_TEAM = "";
				INFOPLIST_FILE = ObjectiveShuffle/Info.plist;
				LD_RUNPATH_SEARCH_PATHS = (
					"$(inherited)",
					"@executable_path/Frameworks",
				);
				PRODUCT_BUNDLE_IDENTIFIER = com.sm.ObjectiveShuffle;
				PRODUCT_NAME = "$(TARGET_NAME)";
				TARGETED_DEVICE_FAMILY = "1,2";
			};
			name = Debug;
		};
		A113989A22999062008B1F84 /* Release */ = {
			isa = XCBuildConfiguration;
			buildSettings = {
				ASSETCATALOG_COMPILER_APPICON_NAME = AppIcon;
				CODE_SIGN_STYLE = Automatic;
				DEVELOPMENT_TEAM = "";
				INFOPLIST_FILE = ObjectiveShuffle/Info.plist;
				LD_RUNPATH_SEARCH_PATHS = (
					"$(inherited)",
					"@executable_path/Frameworks",
				);
				PRODUCT_BUNDLE_IDENTIFIER = com.sm.ObjectiveShuffle;
				PRODUCT_NAME = "$(TARGET_NAME)";
				TARGETED_DEVICE_FAMILY = "1,2";
			};
			name = Release;
		};
/* End XCBuildConfiguration section */

/* Begin XCConfigurationList section */
		A113987D22999061008B1F84 /* Build configuration list for PBXProject "ObjectiveShuffle" */ = {
			isa = XCConfigurationList;
			buildConfigurations = (
				A113989622999062008B1F84 /* Debug */,
				A113989722999062008B1F84 /* Release */,
			);
			defaultConfigurationIsVisible = 0;
			defaultConfigurationName = Release;
		};
		A113989822999062008B1F84 /* Build configuration list for PBXNativeTarget "ObjectiveShuffle" */ = {
			isa = XCConfigurationList;
			buildConfigurations = (
				A113989922999062008B1F84 /* Debug */,
				A113989A22999062008B1F84 /* Release */,
			);
			defaultConfigurationIsVisible = 0;
			defaultConfigurationName = Release;
		};
/* End XCConfigurationList section */
	};
	rootObject = A113987A22999061008B1F84 /* Project object */;
}
